// !$*UTF8*$!
{
	archiveVersion = 1;
	classes = {
	};
	objectVersion = 46;
	objects = {

/* Begin PBXBuildFile section */
		1AA86B09433753128AE13DB7 /* libPods-JiaYinDai.a in Frameworks */ = {isa = PBXBuildFile; fileRef = 08C0827444CFB57F4327A4C1 /* libPods-JiaYinDai.a */; };
		710AC9191E8E51EC00428AE8 /* JYPayCommtController.m in Sources */ = {isa = PBXBuildFile; fileRef = 710AC9181E8E51EC00428AE8 /* JYPayCommtController.m */; };
		710AC91C1E8E5D3100428AE8 /* JYSuccessAlterController.m in Sources */ = {isa = PBXBuildFile; fileRef = 710AC91B1E8E5D3100428AE8 /* JYSuccessAlterController.m */; };
		710AD0B11E94BFFB00082363 /* JYLogInViewController.m in Sources */ = {isa = PBXBuildFile; fileRef = 710AD0B01E94BFFB00082363 /* JYLogInViewController.m */; };
		710AD0B41E94C32400082363 /* JYLogInCell.m in Sources */ = {isa = PBXBuildFile; fileRef = 710AD0B31E94C32400082363 /* JYLogInCell.m */; };
		710AD0B71E94EA1900082363 /* JYPasswordSetController.m in Sources */ = {isa = PBXBuildFile; fileRef = 710AD0B61E94EA1900082363 /* JYPasswordSetController.m */; };
		7123DDB71E88A172007C094A /* JYMessageCell.m in Sources */ = {isa = PBXBuildFile; fileRef = 7123DDB61E88A172007C094A /* JYMessageCell.m */; };
		7123DDBA1E88D852007C094A /* JYFinanceCell.m in Sources */ = {isa = PBXBuildFile; fileRef = 7123DDB91E88D852007C094A /* JYFinanceCell.m */; };
		7123DDBD1E891948007C094A /* JYFinanceDetailController.m in Sources */ = {isa = PBXBuildFile; fileRef = 7123DDBC1E891948007C094A /* JYFinanceDetailController.m */; };
		7132F5F51E975C33009B22EA /* JYPersonInfoCell.m in Sources */ = {isa = PBXBuildFile; fileRef = 7132F5F41E975C33009B22EA /* JYPersonInfoCell.m */; };
		7132F5F81E97779A009B22EA /* JYSecureSettingVC.m in Sources */ = {isa = PBXBuildFile; fileRef = 7132F5F71E97779A009B22EA /* JYSecureSettingVC.m */; };
		7132F5FB1E977AF2009B22EA /* JYPasswodSettingVC.m in Sources */ = {isa = PBXBuildFile; fileRef = 7132F5FA1E977AF1009B22EA /* JYPasswodSettingVC.m */; };
		7132F5FE1E97807B009B22EA /* JYPasswordCell.m in Sources */ = {isa = PBXBuildFile; fileRef = 7132F5FD1E97807B009B22EA /* JYPasswordCell.m */; };
		7132F6011E9793FD009B22EA /* JYPasswordSetModel.m in Sources */ = {isa = PBXBuildFile; fileRef = 7132F6001E9793FD009B22EA /* JYPasswordSetModel.m */; };
		713C65AB1E8DE6C100B80664 /* NSObject+Factory.m in Sources */ = {isa = PBXBuildFile; fileRef = 713C65AA1E8DE6C100B80664 /* NSObject+Factory.m */; };
		713C65AE1E8DF66600B80664 /* JYPayStyleView.m in Sources */ = {isa = PBXBuildFile; fileRef = 713C65AD1E8DF66600B80664 /* JYPayStyleView.m */; };
		713DBA321E89F26C001C65D2 /* UITableView+swizzle.m in Sources */ = {isa = PBXBuildFile; fileRef = 713DBA311E89F26C001C65D2 /* UITableView+swizzle.m */; };
		713DBA351E89FA31001C65D2 /* JYFinanceDetailView.m in Sources */ = {isa = PBXBuildFile; fileRef = 713DBA341E89FA31001C65D2 /* JYFinanceDetailView.m */; };
		713DBA381E8A155E001C65D2 /* UILabel+swizzle.m in Sources */ = {isa = PBXBuildFile; fileRef = 713DBA371E8A155E001C65D2 /* UILabel+swizzle.m */; };
		713DBA3B1E8A477A001C65D2 /* JYAlterViewController.m in Sources */ = {isa = PBXBuildFile; fileRef = 713DBA3A1E8A477A001C65D2 /* JYAlterViewController.m */; };
		713DBA3E1E8A5801001C65D2 /* JYRecordController.m in Sources */ = {isa = PBXBuildFile; fileRef = 713DBA3D1E8A5801001C65D2 /* JYRecordController.m */; };
		713DBA411E8A6370001C65D2 /* JYDebtController.m in Sources */ = {isa = PBXBuildFile; fileRef = 713DBA401E8A6370001C65D2 /* JYDebtController.m */; };
		714940301E972340009899D9 /* JYFinanceRecordVC.m in Sources */ = {isa = PBXBuildFile; fileRef = 7149402F1E972340009899D9 /* JYFinanceRecordVC.m */; };
		714940331E972E13009899D9 /* JYFinanceRecordCell.m in Sources */ = {isa = PBXBuildFile; fileRef = 714940321E972E13009899D9 /* JYFinanceRecordCell.m */; };
		714A39151E8F40FE00A19BBE /* JYCircleView.m in Sources */ = {isa = PBXBuildFile; fileRef = 714A39141E8F40FE00A19BBE /* JYCircleView.m */; };
		714B03721E95E5CD00574C56 /* JYPersonCell.m in Sources */ = {isa = PBXBuildFile; fileRef = 714B03711E95E5CD00574C56 /* JYPersonCell.m */; };
		714B03751E95F0CE00574C56 /* JYPersonHeaderView.m in Sources */ = {isa = PBXBuildFile; fileRef = 714B03741E95F0CE00574C56 /* JYPersonHeaderView.m */; };
		714B03781E9621B600574C56 /* JYPersonInfoVC.m in Sources */ = {isa = PBXBuildFile; fileRef = 714B03771E9621B600574C56 /* JYPersonInfoVC.m */; };
		714B037B1E9627F900574C56 /* JYLoanAlterVC.m in Sources */ = {isa = PBXBuildFile; fileRef = 714B037A1E9627F900574C56 /* JYLoanAlterVC.m */; };
		714B037E1E96312200574C56 /* JYMyFinanceVC.m in Sources */ = {isa = PBXBuildFile; fileRef = 714B037D1E96312100574C56 /* JYMyFinanceVC.m */; };
		714B03811E9633DB00574C56 /* JYMyFinanceCell.m in Sources */ = {isa = PBXBuildFile; fileRef = 714B03801E9633DB00574C56 /* JYMyFinanceCell.m */; };
		71A2461C1E8F7CB000049B79 /* JYPasswordView.m in Sources */ = {isa = PBXBuildFile; fileRef = 71A2461B1E8F7CB000049B79 /* JYPasswordView.m */; };
		71A2461F1E8F8AE000049B79 /* JYLoanTableViewCell.m in Sources */ = {isa = PBXBuildFile; fileRef = 71A2461E1E8F8AE000049B79 /* JYLoanTableViewCell.m */; };
		71A246221E8F9F6100049B79 /* JYFatherTableController.m in Sources */ = {isa = PBXBuildFile; fileRef = 71A246211E8F9F6100049B79 /* JYFatherTableController.m */; };
		71D05EEC1E826134004CBE04 /* main.m in Sources */ = {isa = PBXBuildFile; fileRef = 71D05EEB1E826134004CBE04 /* main.m */; };
		71D05EEF1E826134004CBE04 /* AppDelegate.m in Sources */ = {isa = PBXBuildFile; fileRef = 71D05EEE1E826134004CBE04 /* AppDelegate.m */; };
		71D05EF71E826134004CBE04 /* Assets.xcassets in Resources */ = {isa = PBXBuildFile; fileRef = 71D05EF61E826134004CBE04 /* Assets.xcassets */; };
		71D05EFA1E826134004CBE04 /* LaunchScreen.storyboard in Resources */ = {isa = PBXBuildFile; fileRef = 71D05EF81E826134004CBE04 /* LaunchScreen.storyboard */; };
		71D05F051E826134004CBE04 /* JiaYinDaiTests.m in Sources */ = {isa = PBXBuildFile; fileRef = 71D05F041E826134004CBE04 /* JiaYinDaiTests.m */; };
		71D05F101E826134004CBE04 /* JiaYinDaiUITests.m in Sources */ = {isa = PBXBuildFile; fileRef = 71D05F0F1E826134004CBE04 /* JiaYinDaiUITests.m */; };
		71D05F291E82667A004CBE04 /* JYTabBarController.m in Sources */ = {isa = PBXBuildFile; fileRef = 71D05F281E82667A004CBE04 /* JYTabBarController.m */; };
		71D05F2F1E826EAD004CBE04 /* UINavigationController+swizzle.m in Sources */ = {isa = PBXBuildFile; fileRef = 71D05F2E1E826EAD004CBE04 /* UINavigationController+swizzle.m */; };
		71D05F321E82713D004CBE04 /* UIViewController+Transition.m in Sources */ = {isa = PBXBuildFile; fileRef = 71D05F311E82713D004CBE04 /* UIViewController+Transition.m */; };
		71D05F371E827B6D004CBE04 /* JYDateFormatter.m in Sources */ = {isa = PBXBuildFile; fileRef = 71D05F361E827B6D004CBE04 /* JYDateFormatter.m */; };
		71DA76491E84F613001C3995 /* JYTabBar.m in Sources */ = {isa = PBXBuildFile; fileRef = 71DA76481E84F613001C3995 /* JYTabBar.m */; };
		71DA764C1E850EF5001C3995 /* JYMessageModel.m in Sources */ = {isa = PBXBuildFile; fileRef = 71DA764B1E850EF5001C3995 /* JYMessageModel.m */; };
		71F432091E8358AB009AA864 /* JYFatherController.m in Sources */ = {isa = PBXBuildFile; fileRef = 71F432081E8358AB009AA864 /* JYFatherController.m */; };
		71F432191E83710F009AA864 /* UIImage+Addition.m in Sources */ = {isa = PBXBuildFile; fileRef = 71F432181E83710F009AA864 /* UIImage+Addition.m */; };
		71F432261E8392AF009AA864 /* JYFinanceViewController.m in Sources */ = {isa = PBXBuildFile; fileRef = 71F432231E8392AF009AA864 /* JYFinanceViewController.m */; };
		71F432271E8392AF009AA864 /* JYMessageVController.m in Sources */ = {isa = PBXBuildFile; fileRef = 71F432251E8392AF009AA864 /* JYMessageVController.m */; };
		71F4322D1E83932E009AA864 /* JYLoanViewController.m in Sources */ = {isa = PBXBuildFile; fileRef = 71F4322A1E83932E009AA864 /* JYLoanViewController.m */; };
		71F432331E839337009AA864 /* JYPersonViewController.m in Sources */ = {isa = PBXBuildFile; fileRef = 71F432301E839337009AA864 /* JYPersonViewController.m */; };
		71F432391E83A4CA009AA864 /* JYNoNetworkManager.m in Sources */ = {isa = PBXBuildFile; fileRef = 71F432381E83A4CA009AA864 /* JYNoNetworkManager.m */; };
		71F4323D1E83B410009AA864 /* NSString+Extern.m in Sources */ = {isa = PBXBuildFile; fileRef = 71F4323C1E83B410009AA864 /* NSString+Extern.m */; };
		71F432401E83CFB8009AA864 /* NSDate+Extern.m in Sources */ = {isa = PBXBuildFile; fileRef = 71F4323F1E83CFB8009AA864 /* NSDate+Extern.m */; };
		71F8C6031E8B425800609DB5 /* JYBetTableViewCell.m in Sources */ = {isa = PBXBuildFile; fileRef = 71F8C6021E8B425800609DB5 /* JYBetTableViewCell.m */; };
		71F8C6061E8B655200609DB5 /* JYEstimateController.m in Sources */ = {isa = PBXBuildFile; fileRef = 71F8C6051E8B655200609DB5 /* JYEstimateController.m */; };
		71F8C6091E8BA66000609DB5 /* JYEstimateView.m in Sources */ = {isa = PBXBuildFile; fileRef = 71F8C6081E8BA66000609DB5 /* JYEstimateView.m */; };
		71FEE9B41E8CDD2000AA3E80 /* JYEstimateHeaderView.m in Sources */ = {isa = PBXBuildFile; fileRef = 71FEE9B31E8CDD2000AA3E80 /* JYEstimateHeaderView.m */; };
		71FEE9B71E8CE0EA00AA3E80 /* JYBuyViewController.m in Sources */ = {isa = PBXBuildFile; fileRef = 71FEE9B61E8CE0EA00AA3E80 /* JYBuyViewController.m */; };
/* End PBXBuildFile section */

/* Begin PBXContainerItemProxy section */
		71D05F011E826134004CBE04 /* PBXContainerItemProxy */ = {
			isa = PBXContainerItemProxy;
			containerPortal = 71D05EDF1E826134004CBE04 /* Project object */;
			proxyType = 1;
			remoteGlobalIDString = 71D05EE61E826134004CBE04;
			remoteInfo = JiaYinDai;
		};
		71D05F0C1E826134004CBE04 /* PBXContainerItemProxy */ = {
			isa = PBXContainerItemProxy;
			containerPortal = 71D05EDF1E826134004CBE04 /* Project object */;
			proxyType = 1;
			remoteGlobalIDString = 71D05EE61E826134004CBE04;
			remoteInfo = JiaYinDai;
		};
/* End PBXContainerItemProxy section */

/* Begin PBXFileReference section */
		08C0827444CFB57F4327A4C1 /* libPods-JiaYinDai.a */ = {isa = PBXFileReference; explicitFileType = archive.ar; includeInIndex = 0; path = "libPods-JiaYinDai.a"; sourceTree = BUILT_PRODUCTS_DIR; };
		710AC9171E8E51EC00428AE8 /* JYPayCommtController.h */ = {isa = PBXFileReference; fileEncoding = 4; lastKnownFileType = sourcecode.c.h; path = JYPayCommtController.h; sourceTree = "<group>"; };
		710AC9181E8E51EC00428AE8 /* JYPayCommtController.m */ = {isa = PBXFileReference; fileEncoding = 4; lastKnownFileType = sourcecode.c.objc; path = JYPayCommtController.m; sourceTree = "<group>"; };
		710AC91A1E8E5D3100428AE8 /* JYSuccessAlterController.h */ = {isa = PBXFileReference; fileEncoding = 4; lastKnownFileType = sourcecode.c.h; path = JYSuccessAlterController.h; sourceTree = "<group>"; };
		710AC91B1E8E5D3100428AE8 /* JYSuccessAlterController.m */ = {isa = PBXFileReference; fileEncoding = 4; lastKnownFileType = sourcecode.c.objc; path = JYSuccessAlterController.m; sourceTree = "<group>"; };
		710AD0AF1E94BFFB00082363 /* JYLogInViewController.h */ = {isa = PBXFileReference; fileEncoding = 4; lastKnownFileType = sourcecode.c.h; path = JYLogInViewController.h; sourceTree = "<group>"; };
		710AD0B01E94BFFB00082363 /* JYLogInViewController.m */ = {isa = PBXFileReference; fileEncoding = 4; lastKnownFileType = sourcecode.c.objc; path = JYLogInViewController.m; sourceTree = "<group>"; };
		710AD0B21E94C32400082363 /* JYLogInCell.h */ = {isa = PBXFileReference; fileEncoding = 4; lastKnownFileType = sourcecode.c.h; name = JYLogInCell.h; path = "JiaYinDai/Person(我的)/Controller/JYLogInCell.h"; sourceTree = SOURCE_ROOT; };
		710AD0B31E94C32400082363 /* JYLogInCell.m */ = {isa = PBXFileReference; fileEncoding = 4; lastKnownFileType = sourcecode.c.objc; name = JYLogInCell.m; path = "JiaYinDai/Person(我的)/Controller/JYLogInCell.m"; sourceTree = SOURCE_ROOT; };
		710AD0B51E94EA1900082363 /* JYPasswordSetController.h */ = {isa = PBXFileReference; fileEncoding = 4; lastKnownFileType = sourcecode.c.h; path = JYPasswordSetController.h; sourceTree = "<group>"; };
		710AD0B61E94EA1900082363 /* JYPasswordSetController.m */ = {isa = PBXFileReference; fileEncoding = 4; lastKnownFileType = sourcecode.c.objc; path = JYPasswordSetController.m; sourceTree = "<group>"; };
		7123DDB51E88A172007C094A /* JYMessageCell.h */ = {isa = PBXFileReference; fileEncoding = 4; lastKnownFileType = sourcecode.c.h; path = JYMessageCell.h; sourceTree = "<group>"; };
		7123DDB61E88A172007C094A /* JYMessageCell.m */ = {isa = PBXFileReference; fileEncoding = 4; lastKnownFileType = sourcecode.c.objc; path = JYMessageCell.m; sourceTree = "<group>"; };
		7123DDB81E88D852007C094A /* JYFinanceCell.h */ = {isa = PBXFileReference; fileEncoding = 4; lastKnownFileType = sourcecode.c.h; path = JYFinanceCell.h; sourceTree = "<group>"; };
		7123DDB91E88D852007C094A /* JYFinanceCell.m */ = {isa = PBXFileReference; fileEncoding = 4; lastKnownFileType = sourcecode.c.objc; path = JYFinanceCell.m; sourceTree = "<group>"; };
		7123DDBB1E891948007C094A /* JYFinanceDetailController.h */ = {isa = PBXFileReference; fileEncoding = 4; lastKnownFileType = sourcecode.c.h; path = JYFinanceDetailController.h; sourceTree = "<group>"; };
		7123DDBC1E891948007C094A /* JYFinanceDetailController.m */ = {isa = PBXFileReference; fileEncoding = 4; lastKnownFileType = sourcecode.c.objc; path = JYFinanceDetailController.m; sourceTree = "<group>"; };
		7132F5F31E975C33009B22EA /* JYPersonInfoCell.h */ = {isa = PBXFileReference; fileEncoding = 4; lastKnownFileType = sourcecode.c.h; name = JYPersonInfoCell.h; path = "JiaYinDai/Person(我的)/Controller/JYPersonInfoCell.h"; sourceTree = SOURCE_ROOT; };
		7132F5F41E975C33009B22EA /* JYPersonInfoCell.m */ = {isa = PBXFileReference; fileEncoding = 4; lastKnownFileType = sourcecode.c.objc; name = JYPersonInfoCell.m; path = "JiaYinDai/Person(我的)/Controller/JYPersonInfoCell.m"; sourceTree = SOURCE_ROOT; };
		7132F5F61E97779A009B22EA /* JYSecureSettingVC.h */ = {isa = PBXFileReference; fileEncoding = 4; lastKnownFileType = sourcecode.c.h; path = JYSecureSettingVC.h; sourceTree = "<group>"; };
		7132F5F71E97779A009B22EA /* JYSecureSettingVC.m */ = {isa = PBXFileReference; fileEncoding = 4; lastKnownFileType = sourcecode.c.objc; path = JYSecureSettingVC.m; sourceTree = "<group>"; };
		7132F5F91E977AF1009B22EA /* JYPasswodSettingVC.h */ = {isa = PBXFileReference; fileEncoding = 4; lastKnownFileType = sourcecode.c.h; path = JYPasswodSettingVC.h; sourceTree = "<group>"; };
		7132F5FA1E977AF1009B22EA /* JYPasswodSettingVC.m */ = {isa = PBXFileReference; fileEncoding = 4; lastKnownFileType = sourcecode.c.objc; path = JYPasswodSettingVC.m; sourceTree = "<group>"; };
		7132F5FC1E97807B009B22EA /* JYPasswordCell.h */ = {isa = PBXFileReference; fileEncoding = 4; lastKnownFileType = sourcecode.c.h; name = JYPasswordCell.h; path = "JiaYinDai/Person(我的)/Controller/JYPasswordCell.h"; sourceTree = SOURCE_ROOT; };
		7132F5FD1E97807B009B22EA /* JYPasswordCell.m */ = {isa = PBXFileReference; fileEncoding = 4; lastKnownFileType = sourcecode.c.objc; name = JYPasswordCell.m; path = "JiaYinDai/Person(我的)/Controller/JYPasswordCell.m"; sourceTree = SOURCE_ROOT; };
		7132F5FF1E9793FD009B22EA /* JYPasswordSetModel.h */ = {isa = PBXFileReference; fileEncoding = 4; lastKnownFileType = sourcecode.c.h; name = JYPasswordSetModel.h; path = "JiaYinDai/Person(我的)/Controller/JYPasswordSetModel.h"; sourceTree = SOURCE_ROOT; };
		7132F6001E9793FD009B22EA /* JYPasswordSetModel.m */ = {isa = PBXFileReference; fileEncoding = 4; lastKnownFileType = sourcecode.c.objc; name = JYPasswordSetModel.m; path = "JiaYinDai/Person(我的)/Controller/JYPasswordSetModel.m"; sourceTree = SOURCE_ROOT; };
		713C65A91E8DE6C100B80664 /* NSObject+Factory.h */ = {isa = PBXFileReference; fileEncoding = 4; lastKnownFileType = sourcecode.c.h; path = "NSObject+Factory.h"; sourceTree = "<group>"; };
		713C65AA1E8DE6C100B80664 /* NSObject+Factory.m */ = {isa = PBXFileReference; fileEncoding = 4; lastKnownFileType = sourcecode.c.objc; path = "NSObject+Factory.m"; sourceTree = "<group>"; };
		713C65AC1E8DF66600B80664 /* JYPayStyleView.h */ = {isa = PBXFileReference; fileEncoding = 4; lastKnownFileType = sourcecode.c.h; path = JYPayStyleView.h; sourceTree = "<group>"; };
		713C65AD1E8DF66600B80664 /* JYPayStyleView.m */ = {isa = PBXFileReference; fileEncoding = 4; lastKnownFileType = sourcecode.c.objc; path = JYPayStyleView.m; sourceTree = "<group>"; };
		713DBA301E89F26C001C65D2 /* UITableView+swizzle.h */ = {isa = PBXFileReference; fileEncoding = 4; lastKnownFileType = sourcecode.c.h; path = "UITableView+swizzle.h"; sourceTree = "<group>"; };
		713DBA311E89F26C001C65D2 /* UITableView+swizzle.m */ = {isa = PBXFileReference; fileEncoding = 4; lastKnownFileType = sourcecode.c.objc; path = "UITableView+swizzle.m"; sourceTree = "<group>"; };
		713DBA331E89FA31001C65D2 /* JYFinanceDetailView.h */ = {isa = PBXFileReference; fileEncoding = 4; lastKnownFileType = sourcecode.c.h; path = JYFinanceDetailView.h; sourceTree = "<group>"; };
		713DBA341E89FA31001C65D2 /* JYFinanceDetailView.m */ = {isa = PBXFileReference; fileEncoding = 4; lastKnownFileType = sourcecode.c.objc; path = JYFinanceDetailView.m; sourceTree = "<group>"; };
		713DBA361E8A155E001C65D2 /* UILabel+swizzle.h */ = {isa = PBXFileReference; fileEncoding = 4; lastKnownFileType = sourcecode.c.h; path = "UILabel+swizzle.h"; sourceTree = "<group>"; };
		713DBA371E8A155E001C65D2 /* UILabel+swizzle.m */ = {isa = PBXFileReference; fileEncoding = 4; lastKnownFileType = sourcecode.c.objc; path = "UILabel+swizzle.m"; sourceTree = "<group>"; };
		713DBA391E8A477A001C65D2 /* JYAlterViewController.h */ = {isa = PBXFileReference; fileEncoding = 4; lastKnownFileType = sourcecode.c.h; path = JYAlterViewController.h; sourceTree = "<group>"; };
		713DBA3A1E8A477A001C65D2 /* JYAlterViewController.m */ = {isa = PBXFileReference; fileEncoding = 4; lastKnownFileType = sourcecode.c.objc; path = JYAlterViewController.m; sourceTree = "<group>"; };
		713DBA3C1E8A5801001C65D2 /* JYRecordController.h */ = {isa = PBXFileReference; fileEncoding = 4; lastKnownFileType = sourcecode.c.h; path = JYRecordController.h; sourceTree = "<group>"; };
		713DBA3D1E8A5801001C65D2 /* JYRecordController.m */ = {isa = PBXFileReference; fileEncoding = 4; lastKnownFileType = sourcecode.c.objc; path = JYRecordController.m; sourceTree = "<group>"; };
		713DBA3F1E8A6370001C65D2 /* JYDebtController.h */ = {isa = PBXFileReference; fileEncoding = 4; lastKnownFileType = sourcecode.c.h; path = JYDebtController.h; sourceTree = "<group>"; };
		713DBA401E8A6370001C65D2 /* JYDebtController.m */ = {isa = PBXFileReference; fileEncoding = 4; lastKnownFileType = sourcecode.c.objc; path = JYDebtController.m; sourceTree = "<group>"; };
		7149402E1E972340009899D9 /* JYFinanceRecordVC.h */ = {isa = PBXFileReference; fileEncoding = 4; lastKnownFileType = sourcecode.c.h; path = JYFinanceRecordVC.h; sourceTree = "<group>"; };
		7149402F1E972340009899D9 /* JYFinanceRecordVC.m */ = {isa = PBXFileReference; fileEncoding = 4; lastKnownFileType = sourcecode.c.objc; path = JYFinanceRecordVC.m; sourceTree = "<group>"; };
		714940311E972E13009899D9 /* JYFinanceRecordCell.h */ = {isa = PBXFileReference; fileEncoding = 4; lastKnownFileType = sourcecode.c.h; name = JYFinanceRecordCell.h; path = "JiaYinDai/Person(我的)/Controller/JYFinanceRecordCell.h"; sourceTree = SOURCE_ROOT; };
		714940321E972E13009899D9 /* JYFinanceRecordCell.m */ = {isa = PBXFileReference; fileEncoding = 4; lastKnownFileType = sourcecode.c.objc; name = JYFinanceRecordCell.m; path = "JiaYinDai/Person(我的)/Controller/JYFinanceRecordCell.m"; sourceTree = SOURCE_ROOT; };
		714A39131E8F40FE00A19BBE /* JYCircleView.h */ = {isa = PBXFileReference; fileEncoding = 4; lastKnownFileType = sourcecode.c.h; path = JYCircleView.h; sourceTree = "<group>"; };
		714A39141E8F40FE00A19BBE /* JYCircleView.m */ = {isa = PBXFileReference; fileEncoding = 4; lastKnownFileType = sourcecode.c.objc; path = JYCircleView.m; sourceTree = "<group>"; };
		714B03701E95E5CD00574C56 /* JYPersonCell.h */ = {isa = PBXFileReference; fileEncoding = 4; lastKnownFileType = sourcecode.c.h; name = JYPersonCell.h; path = "JiaYinDai/Person(我的)/Controller/JYPersonCell.h"; sourceTree = SOURCE_ROOT; };
		714B03711E95E5CD00574C56 /* JYPersonCell.m */ = {isa = PBXFileReference; fileEncoding = 4; lastKnownFileType = sourcecode.c.objc; name = JYPersonCell.m; path = "JiaYinDai/Person(我的)/Controller/JYPersonCell.m"; sourceTree = SOURCE_ROOT; };
		714B03731E95F0CE00574C56 /* JYPersonHeaderView.h */ = {isa = PBXFileReference; fileEncoding = 4; lastKnownFileType = sourcecode.c.h; name = JYPersonHeaderView.h; path = "JiaYinDai/Person(我的)/Controller/JYPersonHeaderView.h"; sourceTree = SOURCE_ROOT; };
		714B03741E95F0CE00574C56 /* JYPersonHeaderView.m */ = {isa = PBXFileReference; fileEncoding = 4; lastKnownFileType = sourcecode.c.objc; name = JYPersonHeaderView.m; path = "JiaYinDai/Person(我的)/Controller/JYPersonHeaderView.m"; sourceTree = SOURCE_ROOT; };
		714B03761E9621B600574C56 /* JYPersonInfoVC.h */ = {isa = PBXFileReference; fileEncoding = 4; lastKnownFileType = sourcecode.c.h; path = JYPersonInfoVC.h; sourceTree = "<group>"; };
		714B03771E9621B600574C56 /* JYPersonInfoVC.m */ = {isa = PBXFileReference; fileEncoding = 4; lastKnownFileType = sourcecode.c.objc; path = JYPersonInfoVC.m; sourceTree = "<group>"; };
		714B03791E9627F900574C56 /* JYLoanAlterVC.h */ = {isa = PBXFileReference; fileEncoding = 4; lastKnownFileType = sourcecode.c.h; path = JYLoanAlterVC.h; sourceTree = "<group>"; };
		714B037A1E9627F900574C56 /* JYLoanAlterVC.m */ = {isa = PBXFileReference; fileEncoding = 4; lastKnownFileType = sourcecode.c.objc; path = JYLoanAlterVC.m; sourceTree = "<group>"; };
		714B037C1E96312100574C56 /* JYMyFinanceVC.h */ = {isa = PBXFileReference; fileEncoding = 4; lastKnownFileType = sourcecode.c.h; path = JYMyFinanceVC.h; sourceTree = "<group>"; };
		714B037D1E96312100574C56 /* JYMyFinanceVC.m */ = {isa = PBXFileReference; fileEncoding = 4; lastKnownFileType = sourcecode.c.objc; path = JYMyFinanceVC.m; sourceTree = "<group>"; };
		714B037F1E9633DB00574C56 /* JYMyFinanceCell.h */ = {isa = PBXFileReference; fileEncoding = 4; lastKnownFileType = sourcecode.c.h; name = JYMyFinanceCell.h; path = "JiaYinDai/Person(我的)/Controller/JYMyFinanceCell.h"; sourceTree = SOURCE_ROOT; };
		714B03801E9633DB00574C56 /* JYMyFinanceCell.m */ = {isa = PBXFileReference; fileEncoding = 4; lastKnownFileType = sourcecode.c.objc; name = JYMyFinanceCell.m; path = "JiaYinDai/Person(我的)/Controller/JYMyFinanceCell.m"; sourceTree = SOURCE_ROOT; };
		71A2461A1E8F7CB000049B79 /* JYPasswordView.h */ = {isa = PBXFileReference; fileEncoding = 4; lastKnownFileType = sourcecode.c.h; path = JYPasswordView.h; sourceTree = "<group>"; };
		71A2461B1E8F7CB000049B79 /* JYPasswordView.m */ = {isa = PBXFileReference; fileEncoding = 4; lastKnownFileType = sourcecode.c.objc; path = JYPasswordView.m; sourceTree = "<group>"; };
		71A2461D1E8F8AE000049B79 /* JYLoanTableViewCell.h */ = {isa = PBXFileReference; fileEncoding = 4; lastKnownFileType = sourcecode.c.h; name = JYLoanTableViewCell.h; path = "JiaYinDai/Finance(理财)/View/JYLoanTableViewCell.h"; sourceTree = SOURCE_ROOT; };
		71A2461E1E8F8AE000049B79 /* JYLoanTableViewCell.m */ = {isa = PBXFileReference; fileEncoding = 4; lastKnownFileType = sourcecode.c.objc; name = JYLoanTableViewCell.m; path = "JiaYinDai/Finance(理财)/View/JYLoanTableViewCell.m"; sourceTree = SOURCE_ROOT; };
		71A246201E8F9F6100049B79 /* JYFatherTableController.h */ = {isa = PBXFileReference; fileEncoding = 4; lastKnownFileType = sourcecode.c.h; path = JYFatherTableController.h; sourceTree = "<group>"; };
		71A246211E8F9F6100049B79 /* JYFatherTableController.m */ = {isa = PBXFileReference; fileEncoding = 4; lastKnownFileType = sourcecode.c.objc; path = JYFatherTableController.m; sourceTree = "<group>"; };
		71D05EE71E826134004CBE04 /* JiaYinDai.app */ = {isa = PBXFileReference; explicitFileType = wrapper.application; includeInIndex = 0; path = JiaYinDai.app; sourceTree = BUILT_PRODUCTS_DIR; };
		71D05EEB1E826134004CBE04 /* main.m */ = {isa = PBXFileReference; lastKnownFileType = sourcecode.c.objc; path = main.m; sourceTree = "<group>"; };
		71D05EED1E826134004CBE04 /* AppDelegate.h */ = {isa = PBXFileReference; lastKnownFileType = sourcecode.c.h; path = AppDelegate.h; sourceTree = "<group>"; };
		71D05EEE1E826134004CBE04 /* AppDelegate.m */ = {isa = PBXFileReference; lastKnownFileType = sourcecode.c.objc; path = AppDelegate.m; sourceTree = "<group>"; };
		71D05EF61E826134004CBE04 /* Assets.xcassets */ = {isa = PBXFileReference; lastKnownFileType = folder.assetcatalog; path = Assets.xcassets; sourceTree = "<group>"; };
		71D05EF91E826134004CBE04 /* Base */ = {isa = PBXFileReference; lastKnownFileType = file.storyboard; name = Base; path = Base.lproj/LaunchScreen.storyboard; sourceTree = "<group>"; };
		71D05EFB1E826134004CBE04 /* Info.plist */ = {isa = PBXFileReference; lastKnownFileType = text.plist.xml; path = Info.plist; sourceTree = "<group>"; };
		71D05F001E826134004CBE04 /* JiaYinDaiTests.xctest */ = {isa = PBXFileReference; explicitFileType = wrapper.cfbundle; includeInIndex = 0; path = JiaYinDaiTests.xctest; sourceTree = BUILT_PRODUCTS_DIR; };
		71D05F041E826134004CBE04 /* JiaYinDaiTests.m */ = {isa = PBXFileReference; lastKnownFileType = sourcecode.c.objc; path = JiaYinDaiTests.m; sourceTree = "<group>"; };
		71D05F061E826134004CBE04 /* Info.plist */ = {isa = PBXFileReference; lastKnownFileType = text.plist.xml; path = Info.plist; sourceTree = "<group>"; };
		71D05F0B1E826134004CBE04 /* JiaYinDaiUITests.xctest */ = {isa = PBXFileReference; explicitFileType = wrapper.cfbundle; includeInIndex = 0; path = JiaYinDaiUITests.xctest; sourceTree = BUILT_PRODUCTS_DIR; };
		71D05F0F1E826134004CBE04 /* JiaYinDaiUITests.m */ = {isa = PBXFileReference; lastKnownFileType = sourcecode.c.objc; path = JiaYinDaiUITests.m; sourceTree = "<group>"; };
		71D05F111E826134004CBE04 /* Info.plist */ = {isa = PBXFileReference; lastKnownFileType = text.plist.xml; path = Info.plist; sourceTree = "<group>"; };
		71D05F271E82667A004CBE04 /* JYTabBarController.h */ = {isa = PBXFileReference; fileEncoding = 4; lastKnownFileType = sourcecode.c.h; path = JYTabBarController.h; sourceTree = "<group>"; };
		71D05F281E82667A004CBE04 /* JYTabBarController.m */ = {isa = PBXFileReference; fileEncoding = 4; lastKnownFileType = sourcecode.c.objc; path = JYTabBarController.m; sourceTree = "<group>"; };
		71D05F2D1E826EAD004CBE04 /* UINavigationController+swizzle.h */ = {isa = PBXFileReference; fileEncoding = 4; lastKnownFileType = sourcecode.c.h; path = "UINavigationController+swizzle.h"; sourceTree = "<group>"; };
		71D05F2E1E826EAD004CBE04 /* UINavigationController+swizzle.m */ = {isa = PBXFileReference; fileEncoding = 4; lastKnownFileType = sourcecode.c.objc; path = "UINavigationController+swizzle.m"; sourceTree = "<group>"; };
		71D05F301E82713D004CBE04 /* UIViewController+Transition.h */ = {isa = PBXFileReference; fileEncoding = 4; lastKnownFileType = sourcecode.c.h; path = "UIViewController+Transition.h"; sourceTree = "<group>"; };
		71D05F311E82713D004CBE04 /* UIViewController+Transition.m */ = {isa = PBXFileReference; fileEncoding = 4; lastKnownFileType = sourcecode.c.objc; path = "UIViewController+Transition.m"; sourceTree = "<group>"; };
		71D05F351E827B6D004CBE04 /* JYDateFormatter.h */ = {isa = PBXFileReference; fileEncoding = 4; lastKnownFileType = sourcecode.c.h; path = JYDateFormatter.h; sourceTree = "<group>"; };
		71D05F361E827B6D004CBE04 /* JYDateFormatter.m */ = {isa = PBXFileReference; fileEncoding = 4; lastKnownFileType = sourcecode.c.objc; path = JYDateFormatter.m; sourceTree = "<group>"; };
		71DA76471E84F613001C3995 /* JYTabBar.h */ = {isa = PBXFileReference; fileEncoding = 4; lastKnownFileType = sourcecode.c.h; path = JYTabBar.h; sourceTree = "<group>"; };
		71DA76481E84F613001C3995 /* JYTabBar.m */ = {isa = PBXFileReference; fileEncoding = 4; lastKnownFileType = sourcecode.c.objc; path = JYTabBar.m; sourceTree = "<group>"; };
		71DA764A1E850EF5001C3995 /* JYMessageModel.h */ = {isa = PBXFileReference; fileEncoding = 4; lastKnownFileType = sourcecode.c.h; path = JYMessageModel.h; sourceTree = "<group>"; };
		71DA764B1E850EF5001C3995 /* JYMessageModel.m */ = {isa = PBXFileReference; fileEncoding = 4; lastKnownFileType = sourcecode.c.objc; path = JYMessageModel.m; sourceTree = "<group>"; };
		71F432071E8358AB009AA864 /* JYFatherController.h */ = {isa = PBXFileReference; fileEncoding = 4; lastKnownFileType = sourcecode.c.h; path = JYFatherController.h; sourceTree = "<group>"; };
		71F432081E8358AB009AA864 /* JYFatherController.m */ = {isa = PBXFileReference; fileEncoding = 4; lastKnownFileType = sourcecode.c.objc; path = JYFatherController.m; sourceTree = "<group>"; };
		71F432151E8368C9009AA864 /* PreHeader.pch */ = {isa = PBXFileReference; fileEncoding = 4; lastKnownFileType = sourcecode.c.h; path = PreHeader.pch; sourceTree = "<group>"; };
		71F432161E836914009AA864 /* JYDefine.h */ = {isa = PBXFileReference; fileEncoding = 4; lastKnownFileType = sourcecode.c.h; path = JYDefine.h; sourceTree = "<group>"; };
		71F432171E83710F009AA864 /* UIImage+Addition.h */ = {isa = PBXFileReference; fileEncoding = 4; lastKnownFileType = sourcecode.c.h; path = "UIImage+Addition.h"; sourceTree = "<group>"; };
		71F432181E83710F009AA864 /* UIImage+Addition.m */ = {isa = PBXFileReference; fileEncoding = 4; lastKnownFileType = sourcecode.c.objc; path = "UIImage+Addition.m"; sourceTree = "<group>"; };
		71F4321A1E83715D009AA864 /* JYCategoryHeader.h */ = {isa = PBXFileReference; fileEncoding = 4; lastKnownFileType = sourcecode.c.h; path = JYCategoryHeader.h; sourceTree = "<group>"; };
		71F432221E8392AF009AA864 /* JYFinanceViewController.h */ = {isa = PBXFileReference; fileEncoding = 4; lastKnownFileType = sourcecode.c.h; path = JYFinanceViewController.h; sourceTree = "<group>"; };
		71F432231E8392AF009AA864 /* JYFinanceViewController.m */ = {isa = PBXFileReference; fileEncoding = 4; lastKnownFileType = sourcecode.c.objc; path = JYFinanceViewController.m; sourceTree = "<group>"; };
		71F432241E8392AF009AA864 /* JYMessageVController.h */ = {isa = PBXFileReference; fileEncoding = 4; lastKnownFileType = sourcecode.c.h; path = JYMessageVController.h; sourceTree = "<group>"; };
		71F432251E8392AF009AA864 /* JYMessageVController.m */ = {isa = PBXFileReference; fileEncoding = 4; lastKnownFileType = sourcecode.c.objc; path = JYMessageVController.m; sourceTree = "<group>"; };
		71F432291E83932E009AA864 /* JYLoanViewController.h */ = {isa = PBXFileReference; fileEncoding = 4; lastKnownFileType = sourcecode.c.h; path = JYLoanViewController.h; sourceTree = "<group>"; };
		71F4322A1E83932E009AA864 /* JYLoanViewController.m */ = {isa = PBXFileReference; fileEncoding = 4; lastKnownFileType = sourcecode.c.objc; path = JYLoanViewController.m; sourceTree = "<group>"; };
		71F4322F1E839337009AA864 /* JYPersonViewController.h */ = {isa = PBXFileReference; fileEncoding = 4; lastKnownFileType = sourcecode.c.h; path = JYPersonViewController.h; sourceTree = "<group>"; };
		71F432301E839337009AA864 /* JYPersonViewController.m */ = {isa = PBXFileReference; fileEncoding = 4; lastKnownFileType = sourcecode.c.objc; path = JYPersonViewController.m; sourceTree = "<group>"; };
		71F432371E83A4CA009AA864 /* JYNoNetworkManager.h */ = {isa = PBXFileReference; fileEncoding = 4; lastKnownFileType = sourcecode.c.h; path = JYNoNetworkManager.h; sourceTree = "<group>"; };
		71F432381E83A4CA009AA864 /* JYNoNetworkManager.m */ = {isa = PBXFileReference; fileEncoding = 4; lastKnownFileType = sourcecode.c.objc; path = JYNoNetworkManager.m; sourceTree = "<group>"; };
		71F4323B1E83B410009AA864 /* NSString+Extern.h */ = {isa = PBXFileReference; fileEncoding = 4; lastKnownFileType = sourcecode.c.h; path = "NSString+Extern.h"; sourceTree = "<group>"; };
		71F4323C1E83B410009AA864 /* NSString+Extern.m */ = {isa = PBXFileReference; fileEncoding = 4; lastKnownFileType = sourcecode.c.objc; path = "NSString+Extern.m"; sourceTree = "<group>"; };
		71F4323E1E83CFB8009AA864 /* NSDate+Extern.h */ = {isa = PBXFileReference; fileEncoding = 4; lastKnownFileType = sourcecode.c.h; path = "NSDate+Extern.h"; sourceTree = "<group>"; };
		71F4323F1E83CFB8009AA864 /* NSDate+Extern.m */ = {isa = PBXFileReference; fileEncoding = 4; lastKnownFileType = sourcecode.c.objc; path = "NSDate+Extern.m"; sourceTree = "<group>"; };
		71F8C6011E8B425800609DB5 /* JYBetTableViewCell.h */ = {isa = PBXFileReference; fileEncoding = 4; lastKnownFileType = sourcecode.c.h; path = JYBetTableViewCell.h; sourceTree = "<group>"; };
		71F8C6021E8B425800609DB5 /* JYBetTableViewCell.m */ = {isa = PBXFileReference; fileEncoding = 4; lastKnownFileType = sourcecode.c.objc; path = JYBetTableViewCell.m; sourceTree = "<group>"; };
		71F8C6041E8B655200609DB5 /* JYEstimateController.h */ = {isa = PBXFileReference; fileEncoding = 4; lastKnownFileType = sourcecode.c.h; path = JYEstimateController.h; sourceTree = "<group>"; };
		71F8C6051E8B655200609DB5 /* JYEstimateController.m */ = {isa = PBXFileReference; fileEncoding = 4; lastKnownFileType = sourcecode.c.objc; path = JYEstimateController.m; sourceTree = "<group>"; };
		71F8C6071E8BA66000609DB5 /* JYEstimateView.h */ = {isa = PBXFileReference; fileEncoding = 4; lastKnownFileType = sourcecode.c.h; path = JYEstimateView.h; sourceTree = "<group>"; };
		71F8C6081E8BA66000609DB5 /* JYEstimateView.m */ = {isa = PBXFileReference; fileEncoding = 4; lastKnownFileType = sourcecode.c.objc; path = JYEstimateView.m; sourceTree = "<group>"; };
		71FEE9B21E8CDD2000AA3E80 /* JYEstimateHeaderView.h */ = {isa = PBXFileReference; fileEncoding = 4; lastKnownFileType = sourcecode.c.h; path = JYEstimateHeaderView.h; sourceTree = "<group>"; };
		71FEE9B31E8CDD2000AA3E80 /* JYEstimateHeaderView.m */ = {isa = PBXFileReference; fileEncoding = 4; lastKnownFileType = sourcecode.c.objc; path = JYEstimateHeaderView.m; sourceTree = "<group>"; };
		71FEE9B51E8CE0EA00AA3E80 /* JYBuyViewController.h */ = {isa = PBXFileReference; fileEncoding = 4; lastKnownFileType = sourcecode.c.h; path = JYBuyViewController.h; sourceTree = "<group>"; };
		71FEE9B61E8CE0EA00AA3E80 /* JYBuyViewController.m */ = {isa = PBXFileReference; fileEncoding = 4; lastKnownFileType = sourcecode.c.objc; path = JYBuyViewController.m; sourceTree = "<group>"; };
		A02F385D21AC94E829F9D34B /* Pods-JiaYinDai.release.xcconfig */ = {isa = PBXFileReference; includeInIndex = 1; lastKnownFileType = text.xcconfig; name = "Pods-JiaYinDai.release.xcconfig"; path = "Pods/Target Support Files/Pods-JiaYinDai/Pods-JiaYinDai.release.xcconfig"; sourceTree = "<group>"; };
		EE06AE40D6B1E2F7A362719E /* Pods-JiaYinDai.debug.xcconfig */ = {isa = PBXFileReference; includeInIndex = 1; lastKnownFileType = text.xcconfig; name = "Pods-JiaYinDai.debug.xcconfig"; path = "Pods/Target Support Files/Pods-JiaYinDai/Pods-JiaYinDai.debug.xcconfig"; sourceTree = "<group>"; };
/* End PBXFileReference section */

/* Begin PBXFrameworksBuildPhase section */
		71D05EE41E826134004CBE04 /* Frameworks */ = {
			isa = PBXFrameworksBuildPhase;
			buildActionMask = 2147483647;
			files = (
				1AA86B09433753128AE13DB7 /* libPods-JiaYinDai.a in Frameworks */,
			);
			runOnlyForDeploymentPostprocessing = 0;
		};
		71D05EFD1E826134004CBE04 /* Frameworks */ = {
			isa = PBXFrameworksBuildPhase;
			buildActionMask = 2147483647;
			files = (
			);
			runOnlyForDeploymentPostprocessing = 0;
		};
		71D05F081E826134004CBE04 /* Frameworks */ = {
			isa = PBXFrameworksBuildPhase;
			buildActionMask = 2147483647;
			files = (
			);
			runOnlyForDeploymentPostprocessing = 0;
		};
/* End PBXFrameworksBuildPhase section */

/* Begin PBXGroup section */
		353CBE192D2BD6E78A6176FF /* Frameworks */ = {
			isa = PBXGroup;
			children = (
				08C0827444CFB57F4327A4C1 /* libPods-JiaYinDai.a */,
			);
			name = Frameworks;
			sourceTree = "<group>";
		};
		508338DE4FB26C22BEC6578B /* Pods */ = {
			isa = PBXGroup;
			children = (
				EE06AE40D6B1E2F7A362719E /* Pods-JiaYinDai.debug.xcconfig */,
				A02F385D21AC94E829F9D34B /* Pods-JiaYinDai.release.xcconfig */,
			);
			name = Pods;
			sourceTree = "<group>";
		};
		71D05EDE1E826134004CBE04 = {
			isa = PBXGroup;
			children = (
				71D05EE91E826134004CBE04 /* JiaYinDai */,
				71D05F031E826134004CBE04 /* JiaYinDaiTests */,
				71D05F0E1E826134004CBE04 /* JiaYinDaiUITests */,
				71D05EE81E826134004CBE04 /* Products */,
				508338DE4FB26C22BEC6578B /* Pods */,
				353CBE192D2BD6E78A6176FF /* Frameworks */,
			);
			sourceTree = "<group>";
		};
		71D05EE81E826134004CBE04 /* Products */ = {
			isa = PBXGroup;
			children = (
				71D05EE71E826134004CBE04 /* JiaYinDai.app */,
				71D05F001E826134004CBE04 /* JiaYinDaiTests.xctest */,
				71D05F0B1E826134004CBE04 /* JiaYinDaiUITests.xctest */,
			);
			name = Products;
			sourceTree = "<group>";
		};
		71D05EE91E826134004CBE04 /* JiaYinDai */ = {
			isa = PBXGroup;
			children = (
				71F432141E8368AF009AA864 /* JYConfiguration */,
				71F432041E835833009AA864 /* Finance(理财) */,
				71F432051E835833009AA864 /* Loan(借贷) */,
				71F432061E835833009AA864 /* Person(我的) */,
				71D05F341E827B3B004CBE04 /* Tools(工具类) */,
				71D05F2C1E826E69004CBE04 /* JYCategory */,
				71D05F261E82667A004CBE04 /* BaseClass */,
				71D05EED1E826134004CBE04 /* AppDelegate.h */,
				71D05EEE1E826134004CBE04 /* AppDelegate.m */,
				71D05EF61E826134004CBE04 /* Assets.xcassets */,
				71D05EF81E826134004CBE04 /* LaunchScreen.storyboard */,
				71D05EFB1E826134004CBE04 /* Info.plist */,
				71D05EEA1E826134004CBE04 /* Supporting Files */,
			);
			path = JiaYinDai;
			sourceTree = "<group>";
		};
		71D05EEA1E826134004CBE04 /* Supporting Files */ = {
			isa = PBXGroup;
			children = (
				71D05EEB1E826134004CBE04 /* main.m */,
			);
			name = "Supporting Files";
			sourceTree = "<group>";
		};
		71D05F031E826134004CBE04 /* JiaYinDaiTests */ = {
			isa = PBXGroup;
			children = (
				71D05F041E826134004CBE04 /* JiaYinDaiTests.m */,
				71D05F061E826134004CBE04 /* Info.plist */,
			);
			path = JiaYinDaiTests;
			sourceTree = "<group>";
		};
		71D05F0E1E826134004CBE04 /* JiaYinDaiUITests */ = {
			isa = PBXGroup;
			children = (
				71D05F0F1E826134004CBE04 /* JiaYinDaiUITests.m */,
				71D05F111E826134004CBE04 /* Info.plist */,
			);
			path = JiaYinDaiUITests;
			sourceTree = "<group>";
		};
		71D05F261E82667A004CBE04 /* BaseClass */ = {
			isa = PBXGroup;
			children = (
				71D05F271E82667A004CBE04 /* JYTabBarController.h */,
				71D05F281E82667A004CBE04 /* JYTabBarController.m */,
				71F432071E8358AB009AA864 /* JYFatherController.h */,
				71F432081E8358AB009AA864 /* JYFatherController.m */,
				71A246201E8F9F6100049B79 /* JYFatherTableController.h */,
				71A246211E8F9F6100049B79 /* JYFatherTableController.m */,
			);
			path = BaseClass;
			sourceTree = "<group>";
		};
		71D05F2C1E826E69004CBE04 /* JYCategory */ = {
			isa = PBXGroup;
			children = (
				71D05F2D1E826EAD004CBE04 /* UINavigationController+swizzle.h */,
				71D05F2E1E826EAD004CBE04 /* UINavigationController+swizzle.m */,
				713DBA301E89F26C001C65D2 /* UITableView+swizzle.h */,
				713DBA311E89F26C001C65D2 /* UITableView+swizzle.m */,
				71D05F301E82713D004CBE04 /* UIViewController+Transition.h */,
				71D05F311E82713D004CBE04 /* UIViewController+Transition.m */,
				71F432171E83710F009AA864 /* UIImage+Addition.h */,
				71F432181E83710F009AA864 /* UIImage+Addition.m */,
				71F4321A1E83715D009AA864 /* JYCategoryHeader.h */,
				71F4323B1E83B410009AA864 /* NSString+Extern.h */,
				71F4323C1E83B410009AA864 /* NSString+Extern.m */,
				71F4323E1E83CFB8009AA864 /* NSDate+Extern.h */,
				71F4323F1E83CFB8009AA864 /* NSDate+Extern.m */,
				713DBA361E8A155E001C65D2 /* UILabel+swizzle.h */,
				713DBA371E8A155E001C65D2 /* UILabel+swizzle.m */,
				713C65A91E8DE6C100B80664 /* NSObject+Factory.h */,
				713C65AA1E8DE6C100B80664 /* NSObject+Factory.m */,
			);
			path = JYCategory;
			sourceTree = "<group>";
		};
		71D05F341E827B3B004CBE04 /* Tools(工具类) */ = {
			isa = PBXGroup;
			children = (
				71D05F351E827B6D004CBE04 /* JYDateFormatter.h */,
				71D05F361E827B6D004CBE04 /* JYDateFormatter.m */,
				71F432371E83A4CA009AA864 /* JYNoNetworkManager.h */,
				71F432381E83A4CA009AA864 /* JYNoNetworkManager.m */,
			);
			path = "Tools(工具类)";
			sourceTree = "<group>";
		};
		71F432041E835833009AA864 /* Finance(理财) */ = {
			isa = PBXGroup;
			children = (
				71F4321F1E8392AF009AA864 /* View */,
				71F432201E8392AF009AA864 /* Model */,
				71F432211E8392AF009AA864 /* Controller */,
			);
			path = "Finance(理财)";
			sourceTree = "<group>";
		};
		71F432051E835833009AA864 /* Loan(借贷) */ = {
			isa = PBXGroup;
			children = (
				71F432281E83932E009AA864 /* Controller */,
				71F4322B1E83932E009AA864 /* View */,
				71F4322C1E83932E009AA864 /* Model */,
			);
			path = "Loan(借贷)";
			sourceTree = "<group>";
		};
		71F432061E835833009AA864 /* Person(我的) */ = {
			isa = PBXGroup;
			children = (
				71F4322E1E839337009AA864 /* Controller */,
				71F432311E839337009AA864 /* View */,
				71F432321E839337009AA864 /* Model */,
			);
			path = "Person(我的)";
			sourceTree = "<group>";
		};
		71F432141E8368AF009AA864 /* JYConfiguration */ = {
			isa = PBXGroup;
			children = (
				71F432151E8368C9009AA864 /* PreHeader.pch */,
				71F432161E836914009AA864 /* JYDefine.h */,
			);
			path = JYConfiguration;
			sourceTree = "<group>";
		};
		71F4321F1E8392AF009AA864 /* View */ = {
			isa = PBXGroup;
			children = (
				71DA76471E84F613001C3995 /* JYTabBar.h */,
				71DA76481E84F613001C3995 /* JYTabBar.m */,
				7123DDB51E88A172007C094A /* JYMessageCell.h */,
				7123DDB61E88A172007C094A /* JYMessageCell.m */,
				7123DDB81E88D852007C094A /* JYFinanceCell.h */,
				7123DDB91E88D852007C094A /* JYFinanceCell.m */,
				713DBA331E89FA31001C65D2 /* JYFinanceDetailView.h */,
				713DBA341E89FA31001C65D2 /* JYFinanceDetailView.m */,
				71F8C6011E8B425800609DB5 /* JYBetTableViewCell.h */,
				71F8C6021E8B425800609DB5 /* JYBetTableViewCell.m */,
				71F8C6071E8BA66000609DB5 /* JYEstimateView.h */,
				71F8C6081E8BA66000609DB5 /* JYEstimateView.m */,
				71FEE9B21E8CDD2000AA3E80 /* JYEstimateHeaderView.h */,
				71FEE9B31E8CDD2000AA3E80 /* JYEstimateHeaderView.m */,
				713C65AC1E8DF66600B80664 /* JYPayStyleView.h */,
				713C65AD1E8DF66600B80664 /* JYPayStyleView.m */,
				714A39131E8F40FE00A19BBE /* JYCircleView.h */,
				714A39141E8F40FE00A19BBE /* JYCircleView.m */,
				71A2461A1E8F7CB000049B79 /* JYPasswordView.h */,
				71A2461B1E8F7CB000049B79 /* JYPasswordView.m */,
			);
			path = View;
			sourceTree = "<group>";
		};
		71F432201E8392AF009AA864 /* Model */ = {
			isa = PBXGroup;
			children = (
				71DA764A1E850EF5001C3995 /* JYMessageModel.h */,
				71DA764B1E850EF5001C3995 /* JYMessageModel.m */,
			);
			path = Model;
			sourceTree = "<group>";
		};
		71F432211E8392AF009AA864 /* Controller */ = {
			isa = PBXGroup;
			children = (
				71F432221E8392AF009AA864 /* JYFinanceViewController.h */,
				71F432231E8392AF009AA864 /* JYFinanceViewController.m */,
				7123DDBB1E891948007C094A /* JYFinanceDetailController.h */,
				7123DDBC1E891948007C094A /* JYFinanceDetailController.m */,
				71F432241E8392AF009AA864 /* JYMessageVController.h */,
				71F432251E8392AF009AA864 /* JYMessageVController.m */,
				713DBA391E8A477A001C65D2 /* JYAlterViewController.h */,
				713DBA3A1E8A477A001C65D2 /* JYAlterViewController.m */,
				713DBA3C1E8A5801001C65D2 /* JYRecordController.h */,
				713DBA3D1E8A5801001C65D2 /* JYRecordController.m */,
				713DBA3F1E8A6370001C65D2 /* JYDebtController.h */,
				713DBA401E8A6370001C65D2 /* JYDebtController.m */,
				71F8C6041E8B655200609DB5 /* JYEstimateController.h */,
				71F8C6051E8B655200609DB5 /* JYEstimateController.m */,
				71FEE9B51E8CE0EA00AA3E80 /* JYBuyViewController.h */,
				71FEE9B61E8CE0EA00AA3E80 /* JYBuyViewController.m */,
				710AC9171E8E51EC00428AE8 /* JYPayCommtController.h */,
				710AC9181E8E51EC00428AE8 /* JYPayCommtController.m */,
				710AC91A1E8E5D3100428AE8 /* JYSuccessAlterController.h */,
				710AC91B1E8E5D3100428AE8 /* JYSuccessAlterController.m */,
			);
			path = Controller;
			sourceTree = "<group>";
		};
		71F432281E83932E009AA864 /* Controller */ = {
			isa = PBXGroup;
			children = (
				71F432291E83932E009AA864 /* JYLoanViewController.h */,
				71F4322A1E83932E009AA864 /* JYLoanViewController.m */,
				714B03791E9627F900574C56 /* JYLoanAlterVC.h */,
				714B037A1E9627F900574C56 /* JYLoanAlterVC.m */,
			);
			path = Controller;
			sourceTree = "<group>";
		};
		71F4322B1E83932E009AA864 /* View */ = {
			isa = PBXGroup;
			children = (
				71A2461D1E8F8AE000049B79 /* JYLoanTableViewCell.h */,
				71A2461E1E8F8AE000049B79 /* JYLoanTableViewCell.m */,
			);
			path = View;
			sourceTree = "<group>";
		};
		71F4322C1E83932E009AA864 /* Model */ = {
			isa = PBXGroup;
			children = (
			);
			path = Model;
			sourceTree = "<group>";
		};
		71F4322E1E839337009AA864 /* Controller */ = {
			isa = PBXGroup;
			children = (
				71F4322F1E839337009AA864 /* JYPersonViewController.h */,
				71F432301E839337009AA864 /* JYPersonViewController.m */,
				714B03761E9621B600574C56 /* JYPersonInfoVC.h */,
				714B03771E9621B600574C56 /* JYPersonInfoVC.m */,
				710AD0AF1E94BFFB00082363 /* JYLogInViewController.h */,
				710AD0B01E94BFFB00082363 /* JYLogInViewController.m */,
				710AD0B51E94EA1900082363 /* JYPasswordSetController.h */,
				710AD0B61E94EA1900082363 /* JYPasswordSetController.m */,
				714B037C1E96312100574C56 /* JYMyFinanceVC.h */,
				714B037D1E96312100574C56 /* JYMyFinanceVC.m */,
				7149402E1E972340009899D9 /* JYFinanceRecordVC.h */,
				7149402F1E972340009899D9 /* JYFinanceRecordVC.m */,
				7132F5F61E97779A009B22EA /* JYSecureSettingVC.h */,
				7132F5F71E97779A009B22EA /* JYSecureSettingVC.m */,
				7132F5F91E977AF1009B22EA /* JYPasswodSettingVC.h */,
				7132F5FA1E977AF1009B22EA /* JYPasswodSettingVC.m */,
			);
			path = Controller;
			sourceTree = "<group>";
		};
		71F432311E839337009AA864 /* View */ = {
			isa = PBXGroup;
			children = (
				710AD0B21E94C32400082363 /* JYLogInCell.h */,
				710AD0B31E94C32400082363 /* JYLogInCell.m */,
				714B03701E95E5CD00574C56 /* JYPersonCell.h */,
				714B03711E95E5CD00574C56 /* JYPersonCell.m */,
				714B03731E95F0CE00574C56 /* JYPersonHeaderView.h */,
				714B03741E95F0CE00574C56 /* JYPersonHeaderView.m */,
				714B037F1E9633DB00574C56 /* JYMyFinanceCell.h */,
				714B03801E9633DB00574C56 /* JYMyFinanceCell.m */,
				714940311E972E13009899D9 /* JYFinanceRecordCell.h */,
				714940321E972E13009899D9 /* JYFinanceRecordCell.m */,
				7132F5F31E975C33009B22EA /* JYPersonInfoCell.h */,
				7132F5F41E975C33009B22EA /* JYPersonInfoCell.m */,
				7132F5FC1E97807B009B22EA /* JYPasswordCell.h */,
				7132F5FD1E97807B009B22EA /* JYPasswordCell.m */,
			);
			path = View;
			sourceTree = "<group>";
		};
		71F432321E839337009AA864 /* Model */ = {
			isa = PBXGroup;
			children = (
				7132F5FF1E9793FD009B22EA /* JYPasswordSetModel.h */,
				7132F6001E9793FD009B22EA /* JYPasswordSetModel.m */,
			);
			path = Model;
			sourceTree = "<group>";
		};
/* End PBXGroup section */

/* Begin PBXNativeTarget section */
		71D05EE61E826134004CBE04 /* JiaYinDai */ = {
			isa = PBXNativeTarget;
			buildConfigurationList = 71D05F141E826134004CBE04 /* Build configuration list for PBXNativeTarget "JiaYinDai" */;
			buildPhases = (
				51257723FDF5EBA3020180F6 /* [CP] Check Pods Manifest.lock */,
				71D05EE31E826134004CBE04 /* Sources */,
				71D05EE41E826134004CBE04 /* Frameworks */,
				71D05EE51E826134004CBE04 /* Resources */,
				F8028C7FD28295F79AF7F0DC /* [CP] Embed Pods Frameworks */,
				E53F4EB1009891A36653B10A /* [CP] Copy Pods Resources */,
			);
			buildRules = (
			);
			dependencies = (
			);
			name = JiaYinDai;
			productName = JiaYinDai;
			productReference = 71D05EE71E826134004CBE04 /* JiaYinDai.app */;
			productType = "com.apple.product-type.application";
		};
		71D05EFF1E826134004CBE04 /* JiaYinDaiTests */ = {
			isa = PBXNativeTarget;
			buildConfigurationList = 71D05F171E826134004CBE04 /* Build configuration list for PBXNativeTarget "JiaYinDaiTests" */;
			buildPhases = (
				71D05EFC1E826134004CBE04 /* Sources */,
				71D05EFD1E826134004CBE04 /* Frameworks */,
				71D05EFE1E826134004CBE04 /* Resources */,
			);
			buildRules = (
			);
			dependencies = (
				71D05F021E826134004CBE04 /* PBXTargetDependency */,
			);
			name = JiaYinDaiTests;
			productName = JiaYinDaiTests;
			productReference = 71D05F001E826134004CBE04 /* JiaYinDaiTests.xctest */;
			productType = "com.apple.product-type.bundle.unit-test";
		};
		71D05F0A1E826134004CBE04 /* JiaYinDaiUITests */ = {
			isa = PBXNativeTarget;
			buildConfigurationList = 71D05F1A1E826134004CBE04 /* Build configuration list for PBXNativeTarget "JiaYinDaiUITests" */;
			buildPhases = (
				71D05F071E826134004CBE04 /* Sources */,
				71D05F081E826134004CBE04 /* Frameworks */,
				71D05F091E826134004CBE04 /* Resources */,
			);
			buildRules = (
			);
			dependencies = (
				71D05F0D1E826134004CBE04 /* PBXTargetDependency */,
			);
			name = JiaYinDaiUITests;
			productName = JiaYinDaiUITests;
			productReference = 71D05F0B1E826134004CBE04 /* JiaYinDaiUITests.xctest */;
			productType = "com.apple.product-type.bundle.ui-testing";
		};
/* End PBXNativeTarget section */

/* Begin PBXProject section */
		71D05EDF1E826134004CBE04 /* Project object */ = {
			isa = PBXProject;
			attributes = {
				LastUpgradeCheck = 0820;
				ORGANIZATIONNAME = "嘉远控股";
				TargetAttributes = {
					71D05EE61E826134004CBE04 = {
						CreatedOnToolsVersion = 8.2.1;
						ProvisioningStyle = Automatic;
					};
					71D05EFF1E826134004CBE04 = {
						CreatedOnToolsVersion = 8.2.1;
						ProvisioningStyle = Automatic;
						TestTargetID = 71D05EE61E826134004CBE04;
					};
					71D05F0A1E826134004CBE04 = {
						CreatedOnToolsVersion = 8.2.1;
						ProvisioningStyle = Automatic;
						TestTargetID = 71D05EE61E826134004CBE04;
					};
				};
			};
			buildConfigurationList = 71D05EE21E826134004CBE04 /* Build configuration list for PBXProject "JiaYinDai" */;
			compatibilityVersion = "Xcode 3.2";
			developmentRegion = English;
			hasScannedForEncodings = 0;
			knownRegions = (
				en,
				Base,
			);
			mainGroup = 71D05EDE1E826134004CBE04;
			productRefGroup = 71D05EE81E826134004CBE04 /* Products */;
			projectDirPath = "";
			projectRoot = "";
			targets = (
				71D05EE61E826134004CBE04 /* JiaYinDai */,
				71D05EFF1E826134004CBE04 /* JiaYinDaiTests */,
				71D05F0A1E826134004CBE04 /* JiaYinDaiUITests */,
			);
		};
/* End PBXProject section */

/* Begin PBXResourcesBuildPhase section */
		71D05EE51E826134004CBE04 /* Resources */ = {
			isa = PBXResourcesBuildPhase;
			buildActionMask = 2147483647;
			files = (
				71D05EFA1E826134004CBE04 /* LaunchScreen.storyboard in Resources */,
				71D05EF71E826134004CBE04 /* Assets.xcassets in Resources */,
			);
			runOnlyForDeploymentPostprocessing = 0;
		};
		71D05EFE1E826134004CBE04 /* Resources */ = {
			isa = PBXResourcesBuildPhase;
			buildActionMask = 2147483647;
			files = (
			);
			runOnlyForDeploymentPostprocessing = 0;
		};
		71D05F091E826134004CBE04 /* Resources */ = {
			isa = PBXResourcesBuildPhase;
			buildActionMask = 2147483647;
			files = (
			);
			runOnlyForDeploymentPostprocessing = 0;
		};
/* End PBXResourcesBuildPhase section */

/* Begin PBXShellScriptBuildPhase section */
		51257723FDF5EBA3020180F6 /* [CP] Check Pods Manifest.lock */ = {
			isa = PBXShellScriptBuildPhase;
			buildActionMask = 2147483647;
			files = (
			);
			inputPaths = (
			);
			name = "[CP] Check Pods Manifest.lock";
			outputPaths = (
			);
			runOnlyForDeploymentPostprocessing = 0;
			shellPath = /bin/sh;
			shellScript = "diff \"${PODS_ROOT}/../Podfile.lock\" \"${PODS_ROOT}/Manifest.lock\" > /dev/null\nif [ $? != 0 ] ; then\n    # print error to STDERR\n    echo \"error: The sandbox is not in sync with the Podfile.lock. Run 'pod install' or update your CocoaPods installation.\" >&2\n    exit 1\nfi\n";
			showEnvVarsInLog = 0;
		};
		E53F4EB1009891A36653B10A /* [CP] Copy Pods Resources */ = {
			isa = PBXShellScriptBuildPhase;
			buildActionMask = 2147483647;
			files = (
			);
			inputPaths = (
			);
			name = "[CP] Copy Pods Resources";
			outputPaths = (
			);
			runOnlyForDeploymentPostprocessing = 0;
			shellPath = /bin/sh;
			shellScript = "\"${SRCROOT}/Pods/Target Support Files/Pods-JiaYinDai/Pods-JiaYinDai-resources.sh\"\n";
			showEnvVarsInLog = 0;
		};
		F8028C7FD28295F79AF7F0DC /* [CP] Embed Pods Frameworks */ = {
			isa = PBXShellScriptBuildPhase;
			buildActionMask = 2147483647;
			files = (
			);
			inputPaths = (
			);
			name = "[CP] Embed Pods Frameworks";
			outputPaths = (
			);
			runOnlyForDeploymentPostprocessing = 0;
			shellPath = /bin/sh;
			shellScript = "\"${SRCROOT}/Pods/Target Support Files/Pods-JiaYinDai/Pods-JiaYinDai-frameworks.sh\"\n";
			showEnvVarsInLog = 0;
		};
/* End PBXShellScriptBuildPhase section */

/* Begin PBXSourcesBuildPhase section */
		71D05EE31E826134004CBE04 /* Sources */ = {
			isa = PBXSourcesBuildPhase;
			buildActionMask = 2147483647;
			files = (
				713DBA3E1E8A5801001C65D2 /* JYRecordController.m in Sources */,
				714A39151E8F40FE00A19BBE /* JYCircleView.m in Sources */,
				714B03781E9621B600574C56 /* JYPersonInfoVC.m in Sources */,
				710AD0B71E94EA1900082363 /* JYPasswordSetController.m in Sources */,
				71F432331E839337009AA864 /* JYPersonViewController.m in Sources */,
				71D05F2F1E826EAD004CBE04 /* UINavigationController+swizzle.m in Sources */,
				7132F6011E9793FD009B22EA /* JYPasswordSetModel.m in Sources */,
				714B03721E95E5CD00574C56 /* JYPersonCell.m in Sources */,
				714940301E972340009899D9 /* JYFinanceRecordVC.m in Sources */,
				71F432391E83A4CA009AA864 /* JYNoNetworkManager.m in Sources */,
				710AD0B11E94BFFB00082363 /* JYLogInViewController.m in Sources */,
				7132F5FB1E977AF2009B22EA /* JYPasswodSettingVC.m in Sources */,
				71F432091E8358AB009AA864 /* JYFatherController.m in Sources */,
				713DBA3B1E8A477A001C65D2 /* JYAlterViewController.m in Sources */,
				71DA76491E84F613001C3995 /* JYTabBar.m in Sources */,
				710AD0B41E94C32400082363 /* JYLogInCell.m in Sources */,
				7123DDBA1E88D852007C094A /* JYFinanceCell.m in Sources */,
				71D05F321E82713D004CBE04 /* UIViewController+Transition.m in Sources */,
				71F8C6091E8BA66000609DB5 /* JYEstimateView.m in Sources */,
				714B037B1E9627F900574C56 /* JYLoanAlterVC.m in Sources */,
				71D05EEF1E826134004CBE04 /* AppDelegate.m in Sources */,
				713DBA321E89F26C001C65D2 /* UITableView+swizzle.m in Sources */,
				710AC9191E8E51EC00428AE8 /* JYPayCommtController.m in Sources */,
				713C65AB1E8DE6C100B80664 /* NSObject+Factory.m in Sources */,
				713DBA351E89FA31001C65D2 /* JYFinanceDetailView.m in Sources */,
				7123DDBD1E891948007C094A /* JYFinanceDetailController.m in Sources */,
				713DBA381E8A155E001C65D2 /* UILabel+swizzle.m in Sources */,
				71D05EEC1E826134004CBE04 /* main.m in Sources */,
				713C65AE1E8DF66600B80664 /* JYPayStyleView.m in Sources */,
				71FEE9B41E8CDD2000AA3E80 /* JYEstimateHeaderView.m in Sources */,
				713DBA411E8A6370001C65D2 /* JYDebtController.m in Sources */,
				7123DDB71E88A172007C094A /* JYMessageCell.m in Sources */,
				71F432191E83710F009AA864 /* UIImage+Addition.m in Sources */,
				71F432401E83CFB8009AA864 /* NSDate+Extern.m in Sources */,
				714940331E972E13009899D9 /* JYFinanceRecordCell.m in Sources */,
				71F432261E8392AF009AA864 /* JYFinanceViewController.m in Sources */,
				71A2461F1E8F8AE000049B79 /* JYLoanTableViewCell.m in Sources */,
				7132F5F81E97779A009B22EA /* JYSecureSettingVC.m in Sources */,
				710AC91C1E8E5D3100428AE8 /* JYSuccessAlterController.m in Sources */,
				71F8C6061E8B655200609DB5 /* JYEstimateController.m in Sources */,
				714B03751E95F0CE00574C56 /* JYPersonHeaderView.m in Sources */,
				7132F5F51E975C33009B22EA /* JYPersonInfoCell.m in Sources */,
				71F4323D1E83B410009AA864 /* NSString+Extern.m in Sources */,
				71D05F291E82667A004CBE04 /* JYTabBarController.m in Sources */,
				7132F5FE1E97807B009B22EA /* JYPasswordCell.m in Sources */,
				71F4322D1E83932E009AA864 /* JYLoanViewController.m in Sources */,
				71D05F371E827B6D004CBE04 /* JYDateFormatter.m in Sources */,
				71A2461C1E8F7CB000049B79 /* JYPasswordView.m in Sources */,
				714B03811E9633DB00574C56 /* JYMyFinanceCell.m in Sources */,
				71DA764C1E850EF5001C3995 /* JYMessageModel.m in Sources */,
				714B037E1E96312200574C56 /* JYMyFinanceVC.m in Sources */,
				71F432271E8392AF009AA864 /* JYMessageVController.m in Sources */,
				71A246221E8F9F6100049B79 /* JYFatherTableController.m in Sources */,
				71F8C6031E8B425800609DB5 /* JYBetTableViewCell.m in Sources */,
				71FEE9B71E8CE0EA00AA3E80 /* JYBuyViewController.m in Sources */,
			);
			runOnlyForDeploymentPostprocessing = 0;
		};
		71D05EFC1E826134004CBE04 /* Sources */ = {
			isa = PBXSourcesBuildPhase;
			buildActionMask = 2147483647;
			files = (
				71D05F051E826134004CBE04 /* JiaYinDaiTests.m in Sources */,
			);
			runOnlyForDeploymentPostprocessing = 0;
		};
		71D05F071E826134004CBE04 /* Sources */ = {
			isa = PBXSourcesBuildPhase;
			buildActionMask = 2147483647;
			files = (
				71D05F101E826134004CBE04 /* JiaYinDaiUITests.m in Sources */,
			);
			runOnlyForDeploymentPostprocessing = 0;
		};
/* End PBXSourcesBuildPhase section */

/* Begin PBXTargetDependency section */
		71D05F021E826134004CBE04 /* PBXTargetDependency */ = {
			isa = PBXTargetDependency;
			target = 71D05EE61E826134004CBE04 /* JiaYinDai */;
			targetProxy = 71D05F011E826134004CBE04 /* PBXContainerItemProxy */;
		};
		71D05F0D1E826134004CBE04 /* PBXTargetDependency */ = {
			isa = PBXTargetDependency;
			target = 71D05EE61E826134004CBE04 /* JiaYinDai */;
			targetProxy = 71D05F0C1E826134004CBE04 /* PBXContainerItemProxy */;
		};
/* End PBXTargetDependency section */

/* Begin PBXVariantGroup section */
		71D05EF81E826134004CBE04 /* LaunchScreen.storyboard */ = {
			isa = PBXVariantGroup;
			children = (
				71D05EF91E826134004CBE04 /* Base */,
			);
			name = LaunchScreen.storyboard;
			sourceTree = "<group>";
		};
/* End PBXVariantGroup section */

/* Begin XCBuildConfiguration section */
		71D05F121E826134004CBE04 /* Debug */ = {
			isa = XCBuildConfiguration;
			buildSettings = {
				ALWAYS_SEARCH_USER_PATHS = NO;
				CLANG_ANALYZER_NONNULL = YES;
				CLANG_CXX_LANGUAGE_STANDARD = "gnu++0x";
				CLANG_CXX_LIBRARY = "libc++";
				CLANG_ENABLE_MODULES = YES;
				CLANG_ENABLE_OBJC_ARC = YES;
				CLANG_WARN_BOOL_CONVERSION = YES;
				CLANG_WARN_CONSTANT_CONVERSION = YES;
				CLANG_WARN_DIRECT_OBJC_ISA_USAGE = YES_ERROR;
				CLANG_WARN_DOCUMENTATION_COMMENTS = YES;
				CLANG_WARN_EMPTY_BODY = YES;
				CLANG_WARN_ENUM_CONVERSION = YES;
				CLANG_WARN_INFINITE_RECURSION = YES;
				CLANG_WARN_INT_CONVERSION = YES;
				CLANG_WARN_OBJC_ROOT_CLASS = YES_ERROR;
				CLANG_WARN_SUSPICIOUS_MOVE = YES;
				CLANG_WARN_UNREACHABLE_CODE = YES;
				CLANG_WARN__DUPLICATE_METHOD_MATCH = YES;
				"CODE_SIGN_IDENTITY[sdk=iphoneos*]" = "iPhone Developer";
				COPY_PHASE_STRIP = NO;
				DEBUG_INFORMATION_FORMAT = dwarf;
				ENABLE_STRICT_OBJC_MSGSEND = YES;
				ENABLE_TESTABILITY = YES;
				GCC_C_LANGUAGE_STANDARD = gnu99;
				GCC_DYNAMIC_NO_PIC = NO;
				GCC_NO_COMMON_BLOCKS = YES;
				GCC_OPTIMIZATION_LEVEL = 0;
				GCC_PREPROCESSOR_DEFINITIONS = (
					"DEBUG=1",
					"$(inherited)",
				);
				GCC_WARN_64_TO_32_BIT_CONVERSION = YES;
				GCC_WARN_ABOUT_RETURN_TYPE = YES_ERROR;
				GCC_WARN_UNDECLARED_SELECTOR = YES;
				GCC_WARN_UNINITIALIZED_AUTOS = YES_AGGRESSIVE;
				GCC_WARN_UNUSED_FUNCTION = YES;
				GCC_WARN_UNUSED_VARIABLE = YES;
				IPHONEOS_DEPLOYMENT_TARGET = 10.2;
				MTL_ENABLE_DEBUG_INFO = YES;
				ONLY_ACTIVE_ARCH = YES;
				SDKROOT = iphoneos;
			};
			name = Debug;
		};
		71D05F131E826134004CBE04 /* Release */ = {
			isa = XCBuildConfiguration;
			buildSettings = {
				ALWAYS_SEARCH_USER_PATHS = NO;
				CLANG_ANALYZER_NONNULL = YES;
				CLANG_CXX_LANGUAGE_STANDARD = "gnu++0x";
				CLANG_CXX_LIBRARY = "libc++";
				CLANG_ENABLE_MODULES = YES;
				CLANG_ENABLE_OBJC_ARC = YES;
				CLANG_WARN_BOOL_CONVERSION = YES;
				CLANG_WARN_CONSTANT_CONVERSION = YES;
				CLANG_WARN_DIRECT_OBJC_ISA_USAGE = YES_ERROR;
				CLANG_WARN_DOCUMENTATION_COMMENTS = YES;
				CLANG_WARN_EMPTY_BODY = YES;
				CLANG_WARN_ENUM_CONVERSION = YES;
				CLANG_WARN_INFINITE_RECURSION = YES;
				CLANG_WARN_INT_CONVERSION = YES;
				CLANG_WARN_OBJC_ROOT_CLASS = YES_ERROR;
				CLANG_WARN_SUSPICIOUS_MOVE = YES;
				CLANG_WARN_UNREACHABLE_CODE = YES;
				CLANG_WARN__DUPLICATE_METHOD_MATCH = YES;
				"CODE_SIGN_IDENTITY[sdk=iphoneos*]" = "iPhone Developer";
				COPY_PHASE_STRIP = NO;
				DEBUG_INFORMATION_FORMAT = "dwarf-with-dsym";
				ENABLE_NS_ASSERTIONS = NO;
				ENABLE_STRICT_OBJC_MSGSEND = YES;
				GCC_C_LANGUAGE_STANDARD = gnu99;
				GCC_NO_COMMON_BLOCKS = YES;
				GCC_WARN_64_TO_32_BIT_CONVERSION = YES;
				GCC_WARN_ABOUT_RETURN_TYPE = YES_ERROR;
				GCC_WARN_UNDECLARED_SELECTOR = YES;
				GCC_WARN_UNINITIALIZED_AUTOS = YES_AGGRESSIVE;
				GCC_WARN_UNUSED_FUNCTION = YES;
				GCC_WARN_UNUSED_VARIABLE = YES;
				IPHONEOS_DEPLOYMENT_TARGET = 10.2;
				MTL_ENABLE_DEBUG_INFO = NO;
				SDKROOT = iphoneos;
				VALIDATE_PRODUCT = YES;
			};
			name = Release;
		};
		71D05F151E826134004CBE04 /* Debug */ = {
			isa = XCBuildConfiguration;
			baseConfigurationReference = EE06AE40D6B1E2F7A362719E /* Pods-JiaYinDai.debug.xcconfig */;
			buildSettings = {
				ASSETCATALOG_COMPILER_APPICON_NAME = AppIcon;
				ASSETCATALOG_COMPILER_LAUNCHIMAGE_NAME = LaunchImage;
				GCC_PRECOMPILE_PREFIX_HEADER = YES;
				GCC_PREFIX_HEADER = "$(SRCROOT)/JiaYinDai/JYConfiguration/PreHeader.pch";
				INFOPLIST_FILE = JiaYinDai/Info.plist;
				IPHONEOS_DEPLOYMENT_TARGET = 8.0;
				LD_RUNPATH_SEARCH_PATHS = "$(inherited) @executable_path/Frameworks";
				PRODUCT_BUNDLE_IDENTIFIER = com.jiayindai.JiaYinDai;
				PRODUCT_NAME = "$(TARGET_NAME)";
			};
			name = Debug;
		};
		71D05F161E826134004CBE04 /* Release */ = {
			isa = XCBuildConfiguration;
			baseConfigurationReference = A02F385D21AC94E829F9D34B /* Pods-JiaYinDai.release.xcconfig */;
			buildSettings = {
				ASSETCATALOG_COMPILER_APPICON_NAME = AppIcon;
				ASSETCATALOG_COMPILER_LAUNCHIMAGE_NAME = LaunchImage;
				GCC_PRECOMPILE_PREFIX_HEADER = YES;
				GCC_PREFIX_HEADER = "$(SRCROOT)/JiaYinDai/JYConfiguration/PreHeader.pch";
				INFOPLIST_FILE = JiaYinDai/Info.plist;
				IPHONEOS_DEPLOYMENT_TARGET = 8.0;
				LD_RUNPATH_SEARCH_PATHS = "$(inherited) @executable_path/Frameworks";
				PRODUCT_BUNDLE_IDENTIFIER = com.jiayindai.JiaYinDai;
				PRODUCT_NAME = "$(TARGET_NAME)";
			};
			name = Release;
		};
		71D05F181E826134004CBE04 /* Debug */ = {
			isa = XCBuildConfiguration;
			buildSettings = {
				BUNDLE_LOADER = "$(TEST_HOST)";
				INFOPLIST_FILE = JiaYinDaiTests/Info.plist;
				LD_RUNPATH_SEARCH_PATHS = "$(inherited) @executable_path/Frameworks @loader_path/Frameworks";
				PRODUCT_BUNDLE_IDENTIFIER = com.jiayindai.JiaYinDaiTests;
				PRODUCT_NAME = "$(TARGET_NAME)";
				TEST_HOST = "$(BUILT_PRODUCTS_DIR)/JiaYinDai.app/JiaYinDai";
			};
			name = Debug;
		};
		71D05F191E826134004CBE04 /* Release */ = {
			isa = XCBuildConfiguration;
			buildSettings = {
				BUNDLE_LOADER = "$(TEST_HOST)";
				INFOPLIST_FILE = JiaYinDaiTests/Info.plist;
				LD_RUNPATH_SEARCH_PATHS = "$(inherited) @executable_path/Frameworks @loader_path/Frameworks";
				PRODUCT_BUNDLE_IDENTIFIER = com.jiayindai.JiaYinDaiTests;
				PRODUCT_NAME = "$(TARGET_NAME)";
				TEST_HOST = "$(BUILT_PRODUCTS_DIR)/JiaYinDai.app/JiaYinDai";
			};
			name = Release;
		};
		71D05F1B1E826134004CBE04 /* Debug */ = {
			isa = XCBuildConfiguration;
			buildSettings = {
				INFOPLIST_FILE = JiaYinDaiUITests/Info.plist;
				LD_RUNPATH_SEARCH_PATHS = "$(inherited) @executable_path/Frameworks @loader_path/Frameworks";
				PRODUCT_BUNDLE_IDENTIFIER = com.jiayindai.JiaYinDaiUITests;
				PRODUCT_NAME = "$(TARGET_NAME)";
				TEST_TARGET_NAME = JiaYinDai;
			};
			name = Debug;
		};
		71D05F1C1E826134004CBE04 /* Release */ = {
			isa = XCBuildConfiguration;
			buildSettings = {
				INFOPLIST_FILE = JiaYinDaiUITests/Info.plist;
				LD_RUNPATH_SEARCH_PATHS = "$(inherited) @executable_path/Frameworks @loader_path/Frameworks";
				PRODUCT_BUNDLE_IDENTIFIER = com.jiayindai.JiaYinDaiUITests;
				PRODUCT_NAME = "$(TARGET_NAME)";
				TEST_TARGET_NAME = JiaYinDai;
			};
			name = Release;
		};
/* End XCBuildConfiguration section */

/* Begin XCConfigurationList section */
		71D05EE21E826134004CBE04 /* Build configuration list for PBXProject "JiaYinDai" */ = {
			isa = XCConfigurationList;
			buildConfigurations = (
				71D05F121E826134004CBE04 /* Debug */,
				71D05F131E826134004CBE04 /* Release */,
			);
			defaultConfigurationIsVisible = 0;
			defaultConfigurationName = Release;
		};
		71D05F141E826134004CBE04 /* Build configuration list for PBXNativeTarget "JiaYinDai" */ = {
			isa = XCConfigurationList;
			buildConfigurations = (
				71D05F151E826134004CBE04 /* Debug */,
				71D05F161E826134004CBE04 /* Release */,
			);
			defaultConfigurationIsVisible = 0;
			defaultConfigurationName = Release;
		};
		71D05F171E826134004CBE04 /* Build configuration list for PBXNativeTarget "JiaYinDaiTests" */ = {
			isa = XCConfigurationList;
			buildConfigurations = (
				71D05F181E826134004CBE04 /* Debug */,
				71D05F191E826134004CBE04 /* Release */,
			);
			defaultConfigurationIsVisible = 0;
			defaultConfigurationName = Release;
		};
		71D05F1A1E826134004CBE04 /* Build configuration list for PBXNativeTarget "JiaYinDaiUITests" */ = {
			isa = XCConfigurationList;
			buildConfigurations = (
				71D05F1B1E826134004CBE04 /* Debug */,
				71D05F1C1E826134004CBE04 /* Release */,
			);
			defaultConfigurationIsVisible = 0;
			defaultConfigurationName = Release;
		};
/* End XCConfigurationList section */
	};
	rootObject = 71D05EDF1E826134004CBE04 /* Project object */;
}
